<?xml version="1.0" encoding="utf-8"?>
<Project ToolsVersion="4.0" xmlns="http://schemas.microsoft.com/developer/msbuild/2003">
  <ItemGroup>
    <ClCompile Include="..\..\common\src\CommEvent.cpp">
      <Filter>源文件</Filter>
    </ClCompile>
    <ClCompile Include="..\..\common\src\ClientSocket.cpp">
      <Filter>源文件</Filter>
    </ClCompile>
    <ClCompile Include="..\..\common\src\JobManager.cpp">
      <Filter>源文件</Filter>
    </ClCompile>
    <ClCompile Include="ServerProxy.cpp">
      <Filter>源文件</Filter>
    </ClCompile>
    <ClCompile Include="ServerProxyDlg.cpp">
      <Filter>源文件</Filter>
    </ClCompile>
    <ClCompile Include="..\..\common\src\SocketManager.cpp">
      <Filter>源文件</Filter>
    </ClCompile>
    <ClCompile Include="..\..\common\src\SpdlogImpl.cpp">
      <Filter>源文件</Filter>
    </ClCompile>
    <ClCompile Include="yServerImpl.cpp">
      <Filter>源文件</Filter>
    </ClCompile>
    <ClCompile Include="stdafx.cpp">
      <Filter>源文件</Filter>
    </ClCompile>
  </ItemGroup>
  <ItemGroup>
    <ClInclude Include="..\..\common\include\ClientSocket.h">
      <Filter>头文件</Filter>
    </ClInclude>
    <ClInclude Include="..\..\common\include\CommDefine.h">
      <Filter>头文件</Filter>
    </ClInclude>
    <ClInclude Include="..\..\common\include\CommEvent.h">
      <Filter>头文件</Filter>
    </ClInclude>
    <ClInclude Include="..\..\common\include\EventDefine.h">
      <Filter>头文件</Filter>
    </ClInclude>
    <ClInclude Include="..\..\common\include\JobManager.h">
      <Filter>头文件</Filter>
    </ClInclude>
    <ClInclude Include="..\..\common\include\MsgDefine.h">
      <Filter>头文件</Filter>
    </ClInclude>
    <ClInclude Include="..\..\common\include\ProxyDefine.h">
      <Filter>头文件</Filter>
    </ClInclude>
    <ClInclude Include="ServerProxy.h">
      <Filter>头文件</Filter>
    </ClInclude>
    <ClInclude Include="ServerProxyDlg.h">
      <Filter>头文件</Filter>
    </ClInclude>
    <ClInclude Include="..\..\common\include\SocketManager.h">
      <Filter>头文件</Filter>
    </ClInclude>
    <ClInclude Include="..\..\common\include\SpdlogDef.h">
      <Filter>头文件</Filter>
    </ClInclude>
    <ClInclude Include="stdafx.h">
      <Filter>头文件</Filter>
    </ClInclude>
    <ClInclude Include="targetver.h">
      <Filter>头文件</Filter>
    </ClInclude>
    <ClInclude Include="yServerImpl.h">
      <Filter>头文件</Filter>
    </ClInclude>
    <ClInclude Include="..\..\common\include\CommSocketStruct.h">
      <Filter>头文件</Filter>
    </ClInclude>
    <ClInclude Include="Resource.h">
      <Filter>头文件</Filter>
    </ClInclude>
  </ItemGroup>
  <ItemGroup>
    <None Include="res\ServerProxy.rc2">
      <Filter>资源文件</Filter>
    </None>
    <None Include="res\ServerProxy.ico">
      <Filter>资源文件</Filter>
    </None>
  </ItemGroup>
  <ItemGroup>
    <Filter Include="头文件">
      <UniqueIdentifier>{086464a6-7b52-4168-abce-a07687393cb8}</UniqueIdentifier>
    </Filter>
    <Filter Include="源文件">
      <UniqueIdentifier>{d28d1924-9938-4aae-9595-a397a7d16d69}</UniqueIdentifier>
    </Filter>
    <Filter Include="资源文件">
      <UniqueIdentifier>{66fcaa79-ca7f-408c-b0a2-6a14f2fb161d}</UniqueIdentifier>
    </Filter>
  </ItemGroup>
  <ItemGroup>
    <ResourceCompile Include="ServerProxy.rc">
      <Filter>资源文件</Filter>
    </ResourceCompile>
  </ItemGroup>
</Project>